// !$*UTF8*$!
{
	archiveVersion = 1;
	classes = {
	};
	objectVersion = 56;
	objects = {

/* Begin PBXBuildFile section */
		37D5096A2CF60BC2002D30E1 /* ViewControllerOneReview.swift in Sources */ = {isa = PBXBuildFile; fileRef = 37D509692CF60BC2002D30E1 /* ViewControllerOneReview.swift */; };
		EE5E2C9A2CD9CF550073EF20 /* reviewsCell.swift in Sources */ = {isa = PBXBuildFile; fileRef = EE5E2C992CD9CF550073EF20 /* reviewsCell.swift */; };
		EEFA3F5A2CD2639700A5C7C0 /* AppDelegate.swift in Sources */ = {isa = PBXBuildFile; fileRef = EEFA3F592CD2639700A5C7C0 /* AppDelegate.swift */; };
		EEFA3F5C2CD2639700A5C7C0 /* SceneDelegate.swift in Sources */ = {isa = PBXBuildFile; fileRef = EEFA3F5B2CD2639700A5C7C0 /* SceneDelegate.swift */; };
		EEFA3F5E2CD2639700A5C7C0 /* ViewController.swift in Sources */ = {isa = PBXBuildFile; fileRef = EEFA3F5D2CD2639700A5C7C0 /* ViewController.swift */; };
		EEFA3F612CD2639700A5C7C0 /* Base in Resources */ = {isa = PBXBuildFile; fileRef = EEFA3F602CD2639700A5C7C0 /* Base */; };
		EEFA3F632CD2639900A5C7C0 /* Assets.xcassets in Resources */ = {isa = PBXBuildFile; fileRef = EEFA3F622CD2639900A5C7C0 /* Assets.xcassets */; };
		EEFA3F662CD2639900A5C7C0 /* Base in Resources */ = {isa = PBXBuildFile; fileRef = EEFA3F652CD2639900A5C7C0 /* Base */; };
		EEFA3F6E2CD3B77400A5C7C0 /* CategoryViewController.swift in Sources */ = {isa = PBXBuildFile; fileRef = EEFA3F6D2CD3B77400A5C7C0 /* CategoryViewController.swift */; };
		EEFA3F722CD8F35900A5C7C0 /* ReviewsViewController.swift in Sources */ = {isa = PBXBuildFile; fileRef = EEFA3F712CD8F35900A5C7C0 /* ReviewsViewController.swift */; };
		EEFA3F742CD8F3B200A5C7C0 /* ReviewsClass.swift in Sources */ = {isa = PBXBuildFile; fileRef = EEFA3F732CD8F3B200A5C7C0 /* ReviewsClass.swift */; };
		EEFA3F762CD9C8B500A5C7C0 /* AddReviewViewController.swift in Sources */ = {isa = PBXBuildFile; fileRef = EEFA3F752CD9C8B500A5C7C0 /* AddReviewViewController.swift */; };
/* End PBXBuildFile section */

/* Begin PBXFileReference section */
		37D509692CF60BC2002D30E1 /* ViewControllerOneReview.swift */ = {isa = PBXFileReference; lastKnownFileType = sourcecode.swift; path = ViewControllerOneReview.swift; sourceTree = "<group>"; };
		EE5E2C992CD9CF550073EF20 /* reviewsCell.swift */ = {isa = PBXFileReference; lastKnownFileType = sourcecode.swift; path = reviewsCell.swift; sourceTree = "<group>"; };
		EEFA3F562CD2639700A5C7C0 /* JustinJudgesApp.app */ = {isa = PBXFileReference; explicitFileType = wrapper.application; includeInIndex = 0; path = JustinJudgesApp.app; sourceTree = BUILT_PRODUCTS_DIR; };
		EEFA3F592CD2639700A5C7C0 /* AppDelegate.swift */ = {isa = PBXFileReference; lastKnownFileType = sourcecode.swift; path = AppDelegate.swift; sourceTree = "<group>"; };
		EEFA3F5B2CD2639700A5C7C0 /* SceneDelegate.swift */ = {isa = PBXFileReference; lastKnownFileType = sourcecode.swift; path = SceneDelegate.swift; sourceTree = "<group>"; };
		EEFA3F5D2CD2639700A5C7C0 /* ViewController.swift */ = {isa = PBXFileReference; lastKnownFileType = sourcecode.swift; path = ViewController.swift; sourceTree = "<group>"; };
		EEFA3F602CD2639700A5C7C0 /* Base */ = {isa = PBXFileReference; lastKnownFileType = file.storyboard; name = Base; path = Base.lproj/Main.storyboard; sourceTree = "<group>"; };
		EEFA3F622CD2639900A5C7C0 /* Assets.xcassets */ = {isa = PBXFileReference; lastKnownFileType = folder.assetcatalog; path = Assets.xcassets; sourceTree = "<group>"; };
		EEFA3F652CD2639900A5C7C0 /* Base */ = {isa = PBXFileReference; lastKnownFileType = file.storyboard; name = Base; path = Base.lproj/LaunchScreen.storyboard; sourceTree = "<group>"; };
		EEFA3F672CD2639900A5C7C0 /* Info.plist */ = {isa = PBXFileReference; lastKnownFileType = text.plist.xml; path = Info.plist; sourceTree = "<group>"; };
		EEFA3F6D2CD3B77400A5C7C0 /* CategoryViewController.swift */ = {isa = PBXFileReference; lastKnownFileType = sourcecode.swift; path = CategoryViewController.swift; sourceTree = "<group>"; };
		EEFA3F712CD8F35900A5C7C0 /* ReviewsViewController.swift */ = {isa = PBXFileReference; lastKnownFileType = sourcecode.swift; path = ReviewsViewController.swift; sourceTree = "<group>"; };
		EEFA3F732CD8F3B200A5C7C0 /* ReviewsClass.swift */ = {isa = PBXFileReference; lastKnownFileType = sourcecode.swift; path = ReviewsClass.swift; sourceTree = "<group>"; };
		EEFA3F752CD9C8B500A5C7C0 /* AddReviewViewController.swift */ = {isa = PBXFileReference; lastKnownFileType = sourcecode.swift; path = AddReviewViewController.swift; sourceTree = "<group>"; };
/* End PBXFileReference section */

/* Begin PBXFrameworksBuildPhase section */
		EEFA3F532CD2639700A5C7C0 /* Frameworks */ = {
			isa = PBXFrameworksBuildPhase;
			buildActionMask = 2147483647;
			files = (
			);
			runOnlyForDeploymentPostprocessing = 0;
		};
/* End PBXFrameworksBuildPhase section */

/* Begin PBXGroup section */
		EEFA3F4D2CD2639700A5C7C0 = {
			isa = PBXGroup;
			children = (
				EEFA3F582CD2639700A5C7C0 /* JustinJudgesApp */,
				EEFA3F572CD2639700A5C7C0 /* Products */,
			);
			sourceTree = "<group>";
		};
		EEFA3F572CD2639700A5C7C0 /* Products */ = {
			isa = PBXGroup;
			children = (
				EEFA3F562CD2639700A5C7C0 /* JustinJudgesApp.app */,
			);
			name = Products;
			sourceTree = "<group>";
		};
		EEFA3F582CD2639700A5C7C0 /* JustinJudgesApp */ = {
			isa = PBXGroup;
			children = (
				EEFA3F592CD2639700A5C7C0 /* AppDelegate.swift */,
				EEFA3F5B2CD2639700A5C7C0 /* SceneDelegate.swift */,
				EEFA3F5D2CD2639700A5C7C0 /* ViewController.swift */,
				EEFA3F6D2CD3B77400A5C7C0 /* CategoryViewController.swift */,
				EEFA3F712CD8F35900A5C7C0 /* ReviewsViewController.swift */,
				37D509692CF60BC2002D30E1 /* ViewControllerOneReview.swift */,
				EEFA3F752CD9C8B500A5C7C0 /* AddReviewViewController.swift */,
				EEFA3F732CD8F3B200A5C7C0 /* ReviewsClass.swift */,
				EE5E2C992CD9CF550073EF20 /* reviewsCell.swift */,
				EEFA3F5F2CD2639700A5C7C0 /* Main.storyboard */,
				EEFA3F622CD2639900A5C7C0 /* Assets.xcassets */,
				EEFA3F642CD2639900A5C7C0 /* LaunchScreen.storyboard */,
				EEFA3F672CD2639900A5C7C0 /* Info.plist */,
			);
			path = JustinJudgesApp;
			sourceTree = "<group>";
		};
/* End PBXGroup section */

/* Begin PBXNativeTarget section */
		EEFA3F552CD2639700A5C7C0 /* JustinJudgesApp */ = {
			isa = PBXNativeTarget;
			buildConfigurationList = EEFA3F6A2CD2639900A5C7C0 /* Build configuration list for PBXNativeTarget "JustinJudgesApp" */;
			buildPhases = (
				EEFA3F522CD2639700A5C7C0 /* Sources */,
				EEFA3F532CD2639700A5C7C0 /* Frameworks */,
				EEFA3F542CD2639700A5C7C0 /* Resources */,
			);
			buildRules = (
			);
			dependencies = (
			);
			name = JustinJudgesApp;
			productName = JustinJudgesApp;
			productReference = EEFA3F562CD2639700A5C7C0 /* JustinJudgesApp.app */;
			productType = "com.apple.product-type.application";
		};
/* End PBXNativeTarget section */

/* Begin PBXProject section */
		EEFA3F4E2CD2639700A5C7C0 /* Project object */ = {
			isa = PBXProject;
			attributes = {
				BuildIndependentTargetsInParallel = 1;
				LastSwiftUpdateCheck = 1540;
				LastUpgradeCheck = 1540;
				TargetAttributes = {
					EEFA3F552CD2639700A5C7C0 = {
						CreatedOnToolsVersion = 15.4;
					};
				};
			};
			buildConfigurationList = EEFA3F512CD2639700A5C7C0 /* Build configuration list for PBXProject "JustinJudgesApp" */;
			compatibilityVersion = "Xcode 14.0";
			developmentRegion = en;
			hasScannedForEncodings = 0;
			knownRegions = (
				en,
				Base,
			);
			mainGroup = EEFA3F4D2CD2639700A5C7C0;
			productRefGroup = EEFA3F572CD2639700A5C7C0 /* Products */;
			projectDirPath = "";
			projectRoot = "";
			targets = (
				EEFA3F552CD2639700A5C7C0 /* JustinJudgesApp */,
			);
		};
/* End PBXProject section */

/* Begin PBXResourcesBuildPhase section */
		EEFA3F542CD2639700A5C7C0 /* Resources */ = {
			isa = PBXResourcesBuildPhase;
			buildActionMask = 2147483647;
			files = (
				EEFA3F632CD2639900A5C7C0 /* Assets.xcassets in Resources */,
				EEFA3F662CD2639900A5C7C0 /* Base in Resources */,
				EEFA3F612CD2639700A5C7C0 /* Base in Resources */,
			);
			runOnlyForDeploymentPostprocessing = 0;
		};
/* End PBXResourcesBuildPhase section */

/* Begin PBXSourcesBuildPhase section */
		EEFA3F522CD2639700A5C7C0 /* Sources */ = {
			isa = PBXSourcesBuildPhase;
			buildActionMask = 2147483647;
			files = (
				EEFA3F742CD8F3B200A5C7C0 /* ReviewsClass.swift in Sources */,
				EE5E2C9A2CD9CF550073EF20 /* reviewsCell.swift in Sources */,
				EEFA3F6E2CD3B77400A5C7C0 /* CategoryViewController.swift in Sources */,
				EEFA3F5E2CD2639700A5C7C0 /* ViewController.swift in Sources */,
				EEFA3F5A2CD2639700A5C7C0 /* AppDelegate.swift in Sources */,
				EEFA3F5C2CD2639700A5C7C0 /* SceneDelegate.swift in Sources */,
				EEFA3F722CD8F35900A5C7C0 /* ReviewsViewController.swift in Sources */,
				37D5096A2CF60BC2002D30E1 /* ViewControllerOneReview.swift in Sources */,
				EEFA3F762CD9C8B500A5C7C0 /* AddReviewViewController.swift in Sources */,
			);
			runOnlyForDeploymentPostprocessing = 0;
		};
/* End PBXSourcesBuildPhase section */

/* Begin PBXVariantGroup section */
		EEFA3F5F2CD2639700A5C7C0 /* Main.storyboard */ = {
			isa = PBXVariantGroup;
			children = (
				EEFA3F602CD2639700A5C7C0 /* Base */,
			);
			name = Main.storyboard;
			sourceTree = "<group>";
		};
		EEFA3F642CD2639900A5C7C0 /* LaunchScreen.storyboard */ = {
			isa = PBXVariantGroup;
			children = (
				EEFA3F652CD2639900A5C7C0 /* Base */,
			);
			name = LaunchScreen.storyboard;
			sourceTree = "<group>";
		};
/* End PBXVariantGroup section */

/* Begin XCBuildConfiguration section */
		EEFA3F682CD2639900A5C7C0 /* Debug */ = {
			isa = XCBuildConfiguration;
			buildSettings = {
				ALWAYS_SEARCH_USER_PATHS = NO;
				ASSETCATALOG_COMPILER_GENERATE_SWIFT_ASSET_SYMBOL_EXTENSIONS = YES;
				CLANG_ANALYZER_NONNULL = YES;
				CLANG_ANALYZER_NUMBER_OBJECT_CONVERSION = YES_AGGRESSIVE;
				CLANG_CXX_LANGUAGE_STANDARD = "gnu++20";
				CLANG_ENABLE_MODULES = YES;
				CLANG_ENABLE_OBJC_ARC = YES;
				CLANG_ENABLE_OBJC_WEAK = YES;
				CLANG_WARN_BLOCK_CAPTURE_AUTORELEASING = YES;
				CLANG_WARN_BOOL_CONVERSION = YES;
				CLANG_WARN_COMMA = YES;
				CLANG_WARN_CONSTANT_CONVERSION = YES;
				CLANG_WARN_DEPRECATED_OBJC_IMPLEMENTATIONS = YES;
				CLANG_WARN_DIRECT_OBJC_ISA_USAGE = YES_ERROR;
				CLANG_WARN_DOCUMENTATION_COMMENTS = YES;
				CLANG_WARN_EMPTY_BODY = YES;
				CLANG_WARN_ENUM_CONVERSION = YES;
				CLANG_WARN_INFINITE_RECURSION = YES;
				CLANG_WARN_INT_CONVERSION = YES;
				CLANG_WARN_NON_LITERAL_NULL_CONVERSION = YES;
				CLANG_WARN_OBJC_IMPLICIT_RETAIN_SELF = YES;
				CLANG_WARN_OBJC_LITERAL_CONVERSION = YES;
				CLANG_WARN_OBJC_ROOT_CLASS = YES_ERROR;
				CLANG_WARN_QUOTED_INCLUDE_IN_FRAMEWORK_HEADER = YES;
				CLANG_WARN_RANGE_LOOP_ANALYSIS = YES;
				CLANG_WARN_STRICT_PROTOTYPES = YES;
				CLANG_WARN_SUSPICIOUS_MOVE = YES;
				CLANG_WARN_UNGUARDED_AVAILABILITY = YES_AGGRESSIVE;
				CLANG_WARN_UNREACHABLE_CODE = YES;
				CLANG_WARN__DUPLICATE_METHOD_MATCH = YES;
				COPY_PHASE_STRIP = NO;
				DEBUG_INFORMATION_FORMAT = dwarf;
				ENABLE_STRICT_OBJC_MSGSEND = YES;
				ENABLE_TESTABILITY = YES;
				ENABLE_USER_SCRIPT_SANDBOXING = YES;
				GCC_C_LANGUAGE_STANDARD = gnu17;
				GCC_DYNAMIC_NO_PIC = NO;
				GCC_NO_COMMON_BLOCKS = YES;
				GCC_OPTIMIZATION_LEVEL = 0;
				GCC_PREPROCESSOR_DEFINITIONS = (
					"DEBUG=1",
					"$(inherited)",
				);
				GCC_WARN_64_TO_32_BIT_CONVERSION = YES;
				GCC_WARN_ABOUT_RETURN_TYPE = YES_ERROR;
				GCC_WARN_UNDECLARED_SELECTOR = YES;
				GCC_WARN_UNINITIALIZED_AUTOS = YES_AGGRESSIVE;
				GCC_WARN_UNUSED_FUNCTION = YES;
				GCC_WARN_UNUSED_VARIABLE = YES;
				IPHONEOS_DEPLOYMENT_TARGET = 17.5;
				LOCALIZATION_PREFERS_STRING_CATALOGS = YES;
				MTL_ENABLE_DEBUG_INFO = INCLUDE_SOURCE;
				MTL_FAST_MATH = YES;
				ONLY_ACTIVE_ARCH = YES;
				SDKROOT = iphoneos;
				SWIFT_ACTIVE_COMPILATION_CONDITIONS = "DEBUG $(inherited)";
				SWIFT_OPTIMIZATION_LEVEL = "-Onone";
			};
			name = Debug;
		};
		EEFA3F692CD2639900A5C7C0 /* Release */ = {
			isa = XCBuildConfiguration;
			buildSettings = {
				ALWAYS_SEARCH_USER_PATHS = NO;
				ASSETCATALOG_COMPILER_GENERATE_SWIFT_ASSET_SYMBOL_EXTENSIONS = YES;
				CLANG_ANALYZER_NONNULL = YES;
				CLANG_ANALYZER_NUMBER_OBJECT_CONVERSION = YES_AGGRESSIVE;
				CLANG_CXX_LANGUAGE_STANDARD = "gnu++20";
				CLANG_ENABLE_MODULES = YES;
				CLANG_ENABLE_OBJC_ARC = YES;
				CLANG_ENABLE_OBJC_WEAK = YES;
				CLANG_WARN_BLOCK_CAPTURE_AUTORELEASING = YES;
				CLANG_WARN_BOOL_CONVERSION = YES;
				CLANG_WARN_COMMA = YES;
				CLANG_WARN_CONSTANT_CONVERSION = YES;
				CLANG_WARN_DEPRECATED_OBJC_IMPLEMENTATIONS = YES;
				CLANG_WARN_DIRECT_OBJC_ISA_USAGE = YES_ERROR;
				CLANG_WARN_DOCUMENTATION_COMMENTS = YES;
				CLANG_WARN_EMPTY_BODY = YES;
				CLANG_WARN_ENUM_CONVERSION = YES;
				CLANG_WARN_INFINITE_RECURSION = YES;
				CLANG_WARN_INT_CONVERSION = YES;
				CLANG_WARN_NON_LITERAL_NULL_CONVERSION = YES;
				CLANG_WARN_OBJC_IMPLICIT_RETAIN_SELF = YES;
				CLANG_WARN_OBJC_LITERAL_CONVERSION = YES;
				CLANG_WARN_OBJC_ROOT_CLASS = YES_ERROR;
				CLANG_WARN_QUOTED_INCLUDE_IN_FRAMEWORK_HEADER = YES;
				CLANG_WARN_RANGE_LOOP_ANALYSIS = YES;
				CLANG_WARN_STRICT_PROTOTYPES = YES;
				CLANG_WARN_SUSPICIOUS_MOVE = YES;
				CLANG_WARN_UNGUARDED_AVAILABILITY = YES_AGGRESSIVE;
				CLANG_WARN_UNREACHABLE_CODE = YES;
				CLANG_WARN__DUPLICATE_METHOD_MATCH = YES;
				COPY_PHASE_STRIP = NO;
				DEBUG_INFORMATION_FORMAT = "dwarf-with-dsym";
				ENABLE_NS_ASSERTIONS = NO;
				ENABLE_STRICT_OBJC_MSGSEND = YES;
				ENABLE_USER_SCRIPT_SANDBOXING = YES;
				GCC_C_LANGUAGE_STANDARD = gnu17;
				GCC_NO_COMMON_BLOCKS = YES;
				GCC_WARN_64_TO_32_BIT_CONVERSION = YES;
				GCC_WARN_ABOUT_RETURN_TYPE = YES_ERROR;
				GCC_WARN_UNDECLARED_SELECTOR = YES;
				GCC_WARN_UNINITIALIZED_AUTOS = YES_AGGRESSIVE;
				GCC_WARN_UNUSED_FUNCTION = YES;
				GCC_WARN_UNUSED_VARIABLE = YES;
				IPHONEOS_DEPLOYMENT_TARGET = 17.5;
				LOCALIZATION_PREFERS_STRING_CATALOGS = YES;
				MTL_ENABLE_DEBUG_INFO = NO;
				MTL_FAST_MATH = YES;
				SDKROOT = iphoneos;
				SWIFT_COMPILATION_MODE = wholemodule;
				VALIDATE_PRODUCT = YES;
			};
			name = Release;
		};
		EEFA3F6B2CD2639900A5C7C0 /* Debug */ = {
			isa = XCBuildConfiguration;
			buildSettings = {
				ASSETCATALOG_COMPILER_APPICON_NAME = AppIcon;
				ASSETCATALOG_COMPILER_GLOBAL_ACCENT_COLOR_NAME = AccentColor;
				CODE_SIGN_STYLE = Automatic;
				CURRENT_PROJECT_VERSION = 1;
				GENERATE_INFOPLIST_FILE = YES;
				INFOPLIST_FILE = JustinJudgesApp/Info.plist;
				INFOPLIST_KEY_UIApplicationSupportsIndirectInputEvents = YES;
				INFOPLIST_KEY_UILaunchStoryboardName = LaunchScreen;
				INFOPLIST_KEY_UIMainStoryboardFile = Main;
				INFOPLIST_KEY_UISupportedInterfaceOrientations_iPad = "UIInterfaceOrientationPortrait UIInterfaceOrientationPortraitUpsideDown UIInterfaceOrientationLandscapeLeft UIInterfaceOrientationLandscapeRight";
				INFOPLIST_KEY_UISupportedInterfaceOrientations_iPhone = "UIInterfaceOrientationPortrait UIInterfaceOrientationLandscapeLeft UIInterfaceOrientationLandscapeRight";
				LD_RUNPATH_SEARCH_PATHS = (
					"$(inherited)",
					"@executable_path/Frameworks",
				);
				MARKETING_VERSION = 1.0;
				PRODUCT_BUNDLE_IDENTIFIER = CLC.JustinJudgesApp;
				PRODUCT_NAME = "$(TARGET_NAME)";
				SWIFT_EMIT_LOC_STRINGS = YES;
				SWIFT_VERSION = 5.0;
				TARGETED_DEVICE_FAMILY = "1,2";
			};
			name = Debug;
		};
		EEFA3F6C2CD2639900A5C7C0 /* Release */ = {
			isa = XCBuildConfiguration;
			buildSettings = {
				ASSETCATALOG_COMPILER_APPICON_NAME = AppIcon;
				ASSETCATALOG_COMPILER_GLOBAL_ACCENT_COLOR_NAME = AccentColor;
				CODE_SIGN_STYLE = Automatic;
				CURRENT_PROJECT_VERSION = 1;
				GENERATE_INFOPLIST_FILE = YES;
				INFOPLIST_FILE = JustinJudgesApp/Info.plist;
				INFOPLIST_KEY_UIApplicationSupportsIndirectInputEvents = YES;
				INFOPLIST_KEY_UILaunchStoryboardName = LaunchScreen;
				INFOPLIST_KEY_UIMainStoryboardFile = Main;
				INFOPLIST_KEY_UISupportedInterfaceOrientations_iPad = "UIInterfaceOrientationPortrait UIInterfaceOrientationPortraitUpsideDown UIInterfaceOrientationLandscapeLeft UIInterfaceOrientationLandscapeRight";
				INFOPLIST_KEY_UISupportedInterfaceOrientations_iPhone = "UIInterfaceOrientationPortrait UIInterfaceOrientationLandscapeLeft UIInterfaceOrientationLandscapeRight";
				LD_RUNPATH_SEARCH_PATHS = (
					"$(inherited)",
					"@executable_path/Frameworks",
				);
				MARKETING_VERSION = 1.0;
				PRODUCT_BUNDLE_IDENTIFIER = CLC.JustinJudgesApp;
				PRODUCT_NAME = "$(TARGET_NAME)";
				SWIFT_EMIT_LOC_STRINGS = YES;
				SWIFT_VERSION = 5.0;
				TARGETED_DEVICE_FAMILY = "1,2";
			};
			name = Release;
		};
/* End XCBuildConfiguration section */

/* Begin XCConfigurationList section */
		EEFA3F512CD2639700A5C7C0 /* Build configuration list for PBXProject "JustinJudgesApp" */ = {
			isa = XCConfigurationList;
			buildConfigurations = (
				EEFA3F682CD2639900A5C7C0 /* Debug */,
				EEFA3F692CD2639900A5C7C0 /* Release */,
			);
			defaultConfigurationIsVisible = 0;
			defaultConfigurationName = Release;
		};
		EEFA3F6A2CD2639900A5C7C0 /* Build configuration list for PBXNativeTarget "JustinJudgesApp" */ = {
			isa = XCConfigurationList;
			buildConfigurations = (
				EEFA3F6B2CD2639900A5C7C0 /* Debug */,
				EEFA3F6C2CD2639900A5C7C0 /* Release */,
			);
			defaultConfigurationIsVisible = 0;
			defaultConfigurationName = Release;
		};
/* End XCConfigurationList section */
	};
	rootObject = EEFA3F4E2CD2639700A5C7C0 /* Project object */;
}
